
Microsoft Visual Studio Solution File, Format Version 12.00
Project("{FAE04EC0-301F-11D3-BF4B-00C04F79EFBC}") = "WarehouseWebApp", "WarehouseWebApp\WarehouseWebApp.csproj", "{D3D670B3-E229-4F19-B431-80A19543EEAF}"
EndProject
Global
	GlobalSection(SolutionConfigurationPlatforms) = preSolution
		Debug|Any CPU = Debug|Any CPU
		Release|Any CPU = Release|Any CPU
	EndGlobalSection
	GlobalSection(ProjectConfigurationPlatforms) = postSolution
		{D3D670B3-E229-4F19-B431-80A19543EEAF}.Debug|Any CPU.ActiveCfg = Debug|Any CPU
		{D3D670B3-E229-4F19-B431-80A19543EEAF}.Debug|Any CPU.Build.0 = Debug|Any CPU
		{D3D670B3-E229-4F19-B431-80A19543EEAF}.Release|Any CPU.ActiveCfg = Release|Any CPU
		{D3D670B3-E229-4F19-B431-80A19543EEAF}.Release|Any CPU.Build.0 = Release|Any CPU
	EndGlobalSection
EndGlobal
